
Microsoft Visual Studio Solution File, Format Version 12.00
# Visual Studio Version 17
VisualStudioVersion = 17.12.35707.178
MinimumVisualStudioVersion = 10.0.40219.1
Project("{FAE04EC0-301F-11D3-BF4B-00C04F79EFBC}") = "BUConverter", "BUConverter\BUConverter.csproj", "{BCB126CF-5C4D-4807-A662-8319738790C1}"
EndProject
Project("{FAE04EC0-301F-11D3-BF4B-00C04F79EFBC}") = "BUConverter.License", "BUConverter.License\BUConverter.License.csproj", "{111B1EC0-1038-4061-96FD-D88446D896C3}"
EndProject
Global
	GlobalSection(SolutionConfigurationPlatforms) = preSolution
		Debug|Any CPU = Debug|Any CPU
		Release|Any CPU = Release|Any CPU
	EndGlobalSection
	GlobalSection(ProjectConfigurationPlatforms) = postSolution
		{BCB126CF-5C4D-4807-A662-8319738790C1}.Debug|Any CPU.ActiveCfg = Debug|Any CPU
		{BCB126CF-5C4D-4807-A662-8319738790C1}.Debug|Any CPU.Build.0 = Debug|Any CPU
		{BCB126CF-5C4D-4807-A662-8319738790C1}.Release|Any CPU.ActiveCfg = Release|Any CPU
		{BCB126CF-5C4D-4807-A662-8319738790C1}.Release|Any CPU.Build.0 = Release|Any CPU
		{111B1EC0-1038-4061-96FD-D88446D896C3}.Debug|Any CPU.ActiveCfg = Debug|Any CPU
		{111B1EC0-1038-4061-96FD-D88446D896C3}.Debug|Any CPU.Build.0 = Debug|Any CPU
		{111B1EC0-1038-4061-96FD-D88446D896C3}.Release|Any CPU.ActiveCfg = Release|Any CPU
		{111B1EC0-1038-4061-96FD-D88446D896C3}.Release|Any CPU.Build.0 = Release|Any CPU
	EndGlobalSection
	GlobalSection(SolutionProperties) = preSolution
		HideSolutionNode = FALSE
	EndGlobalSection
EndGlobal
